
Microsoft Visual Studio Solution File, Format Version 12.00
# Visual Studio Version 17
VisualStudioVersion = 17.8.34322.80
MinimumVisualStudioVersion = 10.0.40219.1
Project("{9A19103F-16F7-4668-BE54-9A1E7A4F7556}") = "R24MontageScannerUI", "R24MontageScannerUI\R24MontageScannerUI.csproj", "{1D612550-C52C-4F4D-B9CB-29AFF32C9C9D}"
EndProject
Project("{9A19103F-16F7-4668-BE54-9A1E7A4F7556}") = "MontageScannerLibrary", "MontageScannerLibrary\MontageScannerLibrary.csproj", "{E65CB773-B4DE-4A06-ACC6-D9AFF96115C7}"
EndProject
Project("{9A19103F-16F7-4668-BE54-9A1E7A4F7556}") = "R24MontageScannerSqlAccess", "R24MontageScannerSqlAccess\R24MontageScannerSqlAccess.csproj", "{4FD1E888-CF69-4948-894C-4CEC544B14E7}"
EndProject
Project("{00D1A9C2-B5F0-4AF3-8072-F6C62B433612}") = "TrainingMontageScan", "TrainingMontageScan\TrainingMontageScan.sqlproj", "{76AC5A6F-F445-4B80-A8FE-1A4AC62D9AC0}"
EndProject
Global
	GlobalSection(SolutionConfigurationPlatforms) = preSolution
		Debug|Any CPU = Debug|Any CPU
		Release|Any CPU = Release|Any CPU
	EndGlobalSection
	GlobalSection(ProjectConfigurationPlatforms) = postSolution
		{1D612550-C52C-4F4D-B9CB-29AFF32C9C9D}.Debug|Any CPU.ActiveCfg = Debug|Any CPU
		{1D612550-C52C-4F4D-B9CB-29AFF32C9C9D}.Debug|Any CPU.Build.0 = Debug|Any CPU
		{1D612550-C52C-4F4D-B9CB-29AFF32C9C9D}.Release|Any CPU.ActiveCfg = Release|Any CPU
		{1D612550-C52C-4F4D-B9CB-29AFF32C9C9D}.Release|Any CPU.Build.0 = Release|Any CPU
		{E65CB773-B4DE-4A06-ACC6-D9AFF96115C7}.Debug|Any CPU.ActiveCfg = Debug|Any CPU
		{E65CB773-B4DE-4A06-ACC6-D9AFF96115C7}.Debug|Any CPU.Build.0 = Debug|Any CPU
		{E65CB773-B4DE-4A06-ACC6-D9AFF96115C7}.Release|Any CPU.ActiveCfg = Release|Any CPU
		{E65CB773-B4DE-4A06-ACC6-D9AFF96115C7}.Release|Any CPU.Build.0 = Release|Any CPU
		{4FD1E888-CF69-4948-894C-4CEC544B14E7}.Debug|Any CPU.ActiveCfg = Debug|Any CPU
		{4FD1E888-CF69-4948-894C-4CEC544B14E7}.Debug|Any CPU.Build.0 = Debug|Any CPU
		{4FD1E888-CF69-4948-894C-4CEC544B14E7}.Release|Any CPU.ActiveCfg = Release|Any CPU
		{4FD1E888-CF69-4948-894C-4CEC544B14E7}.Release|Any CPU.Build.0 = Release|Any CPU
		{76AC5A6F-F445-4B80-A8FE-1A4AC62D9AC0}.Debug|Any CPU.ActiveCfg = Debug|Any CPU
		{76AC5A6F-F445-4B80-A8FE-1A4AC62D9AC0}.Debug|Any CPU.Build.0 = Debug|Any CPU
		{76AC5A6F-F445-4B80-A8FE-1A4AC62D9AC0}.Debug|Any CPU.Deploy.0 = Debug|Any CPU
		{76AC5A6F-F445-4B80-A8FE-1A4AC62D9AC0}.Release|Any CPU.ActiveCfg = Release|Any CPU
		{76AC5A6F-F445-4B80-A8FE-1A4AC62D9AC0}.Release|Any CPU.Build.0 = Release|Any CPU
		{76AC5A6F-F445-4B80-A8FE-1A4AC62D9AC0}.Release|Any CPU.Deploy.0 = Release|Any CPU
	EndGlobalSection
	GlobalSection(SolutionProperties) = preSolution
		HideSolutionNode = FALSE
	EndGlobalSection
	GlobalSection(ExtensibilityGlobals) = postSolution
		SolutionGuid = {88A5379F-CCCD-437F-AD29-7A883C1A05D0}
	EndGlobalSection
EndGlobal
