
Microsoft Visual Studio Solution File, Format Version 12.00
# Visual Studio Version 17
VisualStudioVersion = 17.8.34322.80
MinimumVisualStudioVersion = 10.0.40219.1
Project("{9A19103F-16F7-4668-BE54-9A1E7A4F7556}") = "R24MontageScannerUI", "R24MontageScannerUI\R24MontageScannerUI.csproj", "{1D612550-C52C-4F4D-B9CB-29AFF32C9C9D}"
EndProject
Project("{9A19103F-16F7-4668-BE54-9A1E7A4F7556}") = "MontageScannerLibrary", "MontageScannerLibrary\MontageScannerLibrary.csproj", "{E65CB773-B4DE-4A06-ACC6-D9AFF96115C7}"
EndProject
Project("{9A19103F-16F7-4668-BE54-9A1E7A4F7556}") = "MontageScannerLibrary.Tests", "MontageScannerLibrary.Tests\MontageScannerLibrary.Tests.csproj", "{AD675F86-33C1-4731-A042-AC4312DA2C11}"
EndProject
Project("{9A19103F-16F7-4668-BE54-9A1E7A4F7556}") = "SqlAccessLib", "SqlAccessLib\SqlAccessLib.csproj", "{70510720-A5D1-4804-A41C-56A9AB417F29}"
EndProject
Project("{00D1A9C2-B5F0-4AF3-8072-F6C62B433612}") = "MontageScanner", "MontageScanner\MontageScanner.sqlproj", "{E6D2309A-38D2-411A-A69F-046050CA3801}"
EndProject
Global
	GlobalSection(SolutionConfigurationPlatforms) = preSolution
		Debug|Any CPU = Debug|Any CPU
		Release|Any CPU = Release|Any CPU
	EndGlobalSection
	GlobalSection(ProjectConfigurationPlatforms) = postSolution
		{1D612550-C52C-4F4D-B9CB-29AFF32C9C9D}.Debug|Any CPU.ActiveCfg = Debug|Any CPU
		{1D612550-C52C-4F4D-B9CB-29AFF32C9C9D}.Debug|Any CPU.Build.0 = Debug|Any CPU
		{1D612550-C52C-4F4D-B9CB-29AFF32C9C9D}.Release|Any CPU.ActiveCfg = Release|Any CPU
		{1D612550-C52C-4F4D-B9CB-29AFF32C9C9D}.Release|Any CPU.Build.0 = Release|Any CPU
		{E65CB773-B4DE-4A06-ACC6-D9AFF96115C7}.Debug|Any CPU.ActiveCfg = Debug|Any CPU
		{E65CB773-B4DE-4A06-ACC6-D9AFF96115C7}.Debug|Any CPU.Build.0 = Debug|Any CPU
		{E65CB773-B4DE-4A06-ACC6-D9AFF96115C7}.Release|Any CPU.ActiveCfg = Release|Any CPU
		{E65CB773-B4DE-4A06-ACC6-D9AFF96115C7}.Release|Any CPU.Build.0 = Release|Any CPU
		{AD675F86-33C1-4731-A042-AC4312DA2C11}.Debug|Any CPU.ActiveCfg = Debug|Any CPU
		{AD675F86-33C1-4731-A042-AC4312DA2C11}.Debug|Any CPU.Build.0 = Debug|Any CPU
		{AD675F86-33C1-4731-A042-AC4312DA2C11}.Release|Any CPU.ActiveCfg = Release|Any CPU
		{AD675F86-33C1-4731-A042-AC4312DA2C11}.Release|Any CPU.Build.0 = Release|Any CPU
		{70510720-A5D1-4804-A41C-56A9AB417F29}.Debug|Any CPU.ActiveCfg = Debug|Any CPU
		{70510720-A5D1-4804-A41C-56A9AB417F29}.Debug|Any CPU.Build.0 = Debug|Any CPU
		{70510720-A5D1-4804-A41C-56A9AB417F29}.Release|Any CPU.ActiveCfg = Release|Any CPU
		{70510720-A5D1-4804-A41C-56A9AB417F29}.Release|Any CPU.Build.0 = Release|Any CPU
		{E6D2309A-38D2-411A-A69F-046050CA3801}.Debug|Any CPU.ActiveCfg = Debug|Any CPU
		{E6D2309A-38D2-411A-A69F-046050CA3801}.Debug|Any CPU.Build.0 = Debug|Any CPU
		{E6D2309A-38D2-411A-A69F-046050CA3801}.Debug|Any CPU.Deploy.0 = Debug|Any CPU
		{E6D2309A-38D2-411A-A69F-046050CA3801}.Release|Any CPU.ActiveCfg = Release|Any CPU
		{E6D2309A-38D2-411A-A69F-046050CA3801}.Release|Any CPU.Build.0 = Release|Any CPU
		{E6D2309A-38D2-411A-A69F-046050CA3801}.Release|Any CPU.Deploy.0 = Release|Any CPU
	EndGlobalSection
	GlobalSection(SolutionProperties) = preSolution
		HideSolutionNode = FALSE
	EndGlobalSection
	GlobalSection(ExtensibilityGlobals) = postSolution
		SolutionGuid = {88A5379F-CCCD-437F-AD29-7A883C1A05D0}
	EndGlobalSection
EndGlobal
